
Microsoft Visual Studio Solution File, Format Version 12.00
# Visual Studio Version 17
VisualStudioVersion = 17.3.32922.545
MinimumVisualStudioVersion = 10.0.40219.1
Project("{00D1A9C2-B5F0-4AF3-8072-F6C62B433612}") = "Pair.DataBase", "Pair.DataBase\Pair.DataBase.sqlproj", "{BDAAC229-7C6D-44CF-8D7E-7FC53A5997FF}"
EndProject
Project("{9A19103F-16F7-4668-BE54-9A1E7A4F7556}") = "Pair.Infrastructure", "Pair.Infrastructure\Pair.Infrastructure.csproj", "{FC0C0EE6-E08E-4BF5-8565-BE470D19DE7D}"
EndProject
Project("{9A19103F-16F7-4668-BE54-9A1E7A4F7556}") = "Pair.Core", "Pair.Core\Pair.Core.csproj", "{1CDE335E-2F4A-40FC-AB4A-53B8F9D473FF}"
EndProject
Project("{9A19103F-16F7-4668-BE54-9A1E7A4F7556}") = "Pair.Infrastructure.Tests", "Pair.Infrastructure.Tests\Pair.Infrastructure.Tests.csproj", "{7DE24410-4FEB-4F89-A642-F44BFEA7D320}"
EndProject
Project("{9A19103F-16F7-4668-BE54-9A1E7A4F7556}") = "Pair.App.Desktop", "Pair.App.Desktop\Pair.App.Desktop.csproj", "{35D079B3-9244-4D57-BFF6-CCDC13EF82D6}"
EndProject
Global
	GlobalSection(SolutionConfigurationPlatforms) = preSolution
		Debug|Any CPU = Debug|Any CPU
		Release|Any CPU = Release|Any CPU
	EndGlobalSection
	GlobalSection(ProjectConfigurationPlatforms) = postSolution
		{BDAAC229-7C6D-44CF-8D7E-7FC53A5997FF}.Debug|Any CPU.ActiveCfg = Debug|Any CPU
		{BDAAC229-7C6D-44CF-8D7E-7FC53A5997FF}.Debug|Any CPU.Build.0 = Debug|Any CPU
		{BDAAC229-7C6D-44CF-8D7E-7FC53A5997FF}.Debug|Any CPU.Deploy.0 = Debug|Any CPU
		{BDAAC229-7C6D-44CF-8D7E-7FC53A5997FF}.Release|Any CPU.ActiveCfg = Release|Any CPU
		{BDAAC229-7C6D-44CF-8D7E-7FC53A5997FF}.Release|Any CPU.Build.0 = Release|Any CPU
		{BDAAC229-7C6D-44CF-8D7E-7FC53A5997FF}.Release|Any CPU.Deploy.0 = Release|Any CPU
		{FC0C0EE6-E08E-4BF5-8565-BE470D19DE7D}.Debug|Any CPU.ActiveCfg = Debug|Any CPU
		{FC0C0EE6-E08E-4BF5-8565-BE470D19DE7D}.Debug|Any CPU.Build.0 = Debug|Any CPU
		{FC0C0EE6-E08E-4BF5-8565-BE470D19DE7D}.Release|Any CPU.ActiveCfg = Release|Any CPU
		{FC0C0EE6-E08E-4BF5-8565-BE470D19DE7D}.Release|Any CPU.Build.0 = Release|Any CPU
		{1CDE335E-2F4A-40FC-AB4A-53B8F9D473FF}.Debug|Any CPU.ActiveCfg = Debug|Any CPU
		{1CDE335E-2F4A-40FC-AB4A-53B8F9D473FF}.Debug|Any CPU.Build.0 = Debug|Any CPU
		{1CDE335E-2F4A-40FC-AB4A-53B8F9D473FF}.Release|Any CPU.ActiveCfg = Release|Any CPU
		{1CDE335E-2F4A-40FC-AB4A-53B8F9D473FF}.Release|Any CPU.Build.0 = Release|Any CPU
		{7DE24410-4FEB-4F89-A642-F44BFEA7D320}.Debug|Any CPU.ActiveCfg = Debug|Any CPU
		{7DE24410-4FEB-4F89-A642-F44BFEA7D320}.Debug|Any CPU.Build.0 = Debug|Any CPU
		{7DE24410-4FEB-4F89-A642-F44BFEA7D320}.Release|Any CPU.ActiveCfg = Release|Any CPU
		{7DE24410-4FEB-4F89-A642-F44BFEA7D320}.Release|Any CPU.Build.0 = Release|Any CPU
		{35D079B3-9244-4D57-BFF6-CCDC13EF82D6}.Debug|Any CPU.ActiveCfg = Debug|Any CPU
		{35D079B3-9244-4D57-BFF6-CCDC13EF82D6}.Debug|Any CPU.Build.0 = Debug|Any CPU
		{35D079B3-9244-4D57-BFF6-CCDC13EF82D6}.Release|Any CPU.ActiveCfg = Release|Any CPU
		{35D079B3-9244-4D57-BFF6-CCDC13EF82D6}.Release|Any CPU.Build.0 = Release|Any CPU
	EndGlobalSection
	GlobalSection(SolutionProperties) = preSolution
		HideSolutionNode = FALSE
	EndGlobalSection
	GlobalSection(ExtensibilityGlobals) = postSolution
		SolutionGuid = {B6B6179A-DC1E-4B2F-B43B-C47BFF5D9DCE}
	EndGlobalSection
EndGlobal
